
Microsoft Visual Studio Solution File, Format Version 12.00
# Visual Studio Version 17
VisualStudioVersion = 17.14.37614.0
MinimumVisualStudioVersion = 10.0.40219.1
Project("{2150E333-8FDC-42A3-9474-1A3956D46DE8}") = "Task0", "Task0", "{02EA681E-C7D8-13C7-8484-4AC65E1B71E8}"
EndProject
Project("{FAE04EC0-301F-11D3-BF4B-00C04F79EFBC}") = "Tyuiu.IvanovaEA.Sprint0.Task0.V0", "Tyuiu.IvanovaEA.Sprint0.Task0.V0\Tyuiu.IvanovaEA.Sprint0.Task0.V0.csproj", "{B9C3874B-A64E-4109-8F48-A8D34141657F}"
EndProject
Project("{2150E333-8FDC-42A3-9474-1A3956D46DE8}") = "Task1", "Task1", "{C0EE407E-7DE1-4E0D-BE40-7C3B110C61E8}"
EndProject
Project("{FAE04EC0-301F-11D3-BF4B-00C04F79EFBC}") = "Tyuiu.IvanovaEA.Sprint0.Task1.V0", "Tyuiu.IvanovaEA.Sprint0.Task1.V0\Tyuiu.IvanovaEA.Sprint0.Task1.V0.csproj", "{868803F0-1248-454F-AEA3-05C8E0EFCFFE}"
EndProject
Project("{2150E333-8FDC-42A3-9474-1A3956D46DE8}") = "Task2", "Task2", "{D02F8AEF-5CA0-4D3B-B6D2-7E3BDD69A4F0}"
EndProject
Project("{FAE04EC0-301F-11D3-BF4B-00C04F79EFBC}") = "Tyuiu.IvanovaEA.Sprint0.Task2.V0", "Tyuiu.IvanovaEA.Sprint0.Task2.V0\Tyuiu.IvanovaEA.Sprint0.Task2.V0.csproj", "{0D25F5D8-6115-4513-8E34-345E6623CE47}"
EndProject
Project("{FAE04EC0-301F-11D3-BF4B-00C04F79EFBC}") = "Tyuiu.IvanovaEA.Sprint0.Task2.V0.Lib", "Tyuiu.IvanovaEA.Sprint0.Task2.V0.Lib\Tyuiu.IvanovaEA.Sprint0.Task2.V0.Lib.csproj", "{2F0AA49A-39E4-4534-8938-3D4A8143BD44}"
EndProject
Project("{FAE04EC0-301F-11D3-BF4B-00C04F79EFBC}") = "Tyuiu.IvanovaEA.Sprint0.Task2.V0.Test", "Tyuiu.IvanovaEA.Sprint0.Task2.V0.Test\Tyuiu.IvanovaEA.Sprint0.Task2.V0.Test.csproj", "{282DD359-FFF6-4363-8893-20E2CCDD2C24}"
EndProject
Project("{2150E333-8FDC-42A3-9474-1A3956D46DE8}") = "Task3", "Task3", "{C24DD8EB-710C-47A9-AB71-D44A132D8A3B}"
EndProject
Project("{FAE04EC0-301F-11D3-BF4B-00C04F79EFBC}") = "Tyuiu.IvanovaEA.Sprint0.Task3.V0", "Tyuiu.IvanovaEA.Sprint0.Task3.V0\Tyuiu.IvanovaEA.Sprint0.Task3.V0.csproj", "{9D8A7E16-178E-4F58-80D3-988F400C046E}"
EndProject
Project("{FAE04EC0-301F-11D3-BF4B-00C04F79EFBC}") = "Tyuiu.IvanovaEA.Sprint0.Task3.V0.Lib", "Tyuiu.IvanovaEA.Sprint0.Task3.V0.Lib\Tyuiu.IvanovaEA.Sprint0.Task3.V0.Lib.csproj", "{1FA4EC33-824F-4C60-9B70-4E6508893E1B}"
EndProject
Project("{FAE04EC0-301F-11D3-BF4B-00C04F79EFBC}") = "Tyuiu.IvanovaEA.Sprint0.Task3.V0.Test", "Tyuiu.IvanovaEA.Sprint0.Task3.V0.Test\Tyuiu.IvanovaEA.Sprint0.Task3.V0.Test.csproj", "{07785EC5-BBAA-4294-892E-CF3E5AAB6C2B}"
EndProject
Project("{2150E333-8FDC-42A3-9474-1A3956D46DE8}") = "Task4", "Task4", "{A035D2E5-3344-4030-B2E7-D1C58DCAD22E}"
EndProject
Project("{FAE04EC0-301F-11D3-BF4B-00C04F79EFBC}") = "Tyuiu.IvanovaEA.Sprint0.Task4.V0", "Tyuiu.IvanovaEA.Sprint0.Task4.V0\Tyuiu.IvanovaEA.Sprint0.Task4.V0.csproj", "{4FBBE861-7E4E-4A09-88F5-07543539FA7E}"
EndProject
Project("{FAE04EC0-301F-11D3-BF4B-00C04F79EFBC}") = "Tyuiu.IvanovaEA.Sprint0.Task4.V0.Lib", "Tyuiu.IvanovaEA.Sprint0.Task4.V0.Lib\Tyuiu.IvanovaEA.Sprint0.Task4.V0.Lib.csproj", "{3C2C6886-B090-4F2A-B14B-DFCDFB9B8BAA}"
EndProject
Project("{FAE04EC0-301F-11D3-BF4B-00C04F79EFBC}") = "Tyuiu.IvanovaEA.Sprint0.Task4.V0.Test", "Tyuiu.IvanovaEA.Sprint0.Task4.V0.Test\Tyuiu.IvanovaEA.Sprint0.Task4.V0.Test.csproj", "{A9FECFA1-E9CF-42E8-8573-494F2E8F2ABD}"
EndProject
Project("{2150E333-8FDC-42A3-9474-1A3956D46DE8}") = "Task5", "Task5", "{50748DE9-86D8-4136-893C-DD812D2301F6}"
EndProject
Project("{FAE04EC0-301F-11D3-BF4B-00C04F79EFBC}") = "Tyuiu.IvanovaEA.Sprint0.Task5.V0", "Tyuiu.IvanovaEA.Sprint0.Task5.V0\Tyuiu.IvanovaEA.Sprint0.Task5.V0.csproj", "{1DD544F3-89ED-40C1-97EA-61FD437ADF52}"
EndProject
Project("{FAE04EC0-301F-11D3-BF4B-00C04F79EFBC}") = "Tyuiu.IvanovaEA.Sprint0.Task5.V0.Lib", "Tyuiu.IvanovaEA.Sprint0.Task5.V0.Lib\Tyuiu.IvanovaEA.Sprint0.Task5.V0.Lib.csproj", "{16F5FD00-8B2B-4FD2-AB05-CCEF16D3768E}"
EndProject
Project("{FAE04EC0-301F-11D3-BF4B-00C04F79EFBC}") = "Tyuiu.IvanovaEA.Sprint0.Task5.V0.Test", "Tyuiu.IvanovaEA.Sprint0.Task5.V0.Test\Tyuiu.IvanovaEA.Sprint0.Task5.V0.Test.csproj", "{EA424889-4733-4A52-AD56-77DE0D1C43E2}"
EndProject
Global
	GlobalSection(SolutionConfigurationPlatforms) = preSolution
		Debug|Any CPU = Debug|Any CPU
		Release|Any CPU = Release|Any CPU
	EndGlobalSection
	GlobalSection(ProjectConfigurationPlatforms) = postSolution
		{B9C3874B-A64E-4109-8F48-A8D34141657F}.Debug|Any CPU.ActiveCfg = Debug|Any CPU
		{B9C3874B-A64E-4109-8F48-A8D34141657F}.Debug|Any CPU.Build.0 = Debug|Any CPU
		{B9C3874B-A64E-4109-8F48-A8D34141657F}.Release|Any CPU.ActiveCfg = Release|Any CPU
		{B9C3874B-A64E-4109-8F48-A8D34141657F}.Release|Any CPU.Build.0 = Release|Any CPU
		{868803F0-1248-454F-AEA3-05C8E0EFCFFE}.Debug|Any CPU.ActiveCfg = Debug|Any CPU
		{868803F0-1248-454F-AEA3-05C8E0EFCFFE}.Debug|Any CPU.Build.0 = Debug|Any CPU
		{868803F0-1248-454F-AEA3-05C8E0EFCFFE}.Release|Any CPU.ActiveCfg = Release|Any CPU
		{868803F0-1248-454F-AEA3-05C8E0EFCFFE}.Release|Any CPU.Build.0 = Release|Any CPU
		{0D25F5D8-6115-4513-8E34-345E6623CE47}.Debug|Any CPU.ActiveCfg = Debug|Any CPU
		{0D25F5D8-6115-4513-8E34-345E6623CE47}.Debug|Any CPU.Build.0 = Debug|Any CPU
		{0D25F5D8-6115-4513-8E34-345E6623CE47}.Release|Any CPU.ActiveCfg = Release|Any CPU
		{0D25F5D8-6115-4513-8E34-345E6623CE47}.Release|Any CPU.Build.0 = Release|Any CPU
		{2F0AA49A-39E4-4534-8938-3D4A8143BD44}.Debug|Any CPU.ActiveCfg = Debug|Any CPU
		{2F0AA49A-39E4-4534-8938-3D4A8143BD44}.Debug|Any CPU.Build.0 = Debug|Any CPU
		{2F0AA49A-39E4-4534-8938-3D4A8143BD44}.Release|Any CPU.ActiveCfg = Release|Any CPU
		{2F0AA49A-39E4-4534-8938-3D4A8143BD44}.Release|Any CPU.Build.0 = Release|Any CPU
		{282DD359-FFF6-4363-8893-20E2CCDD2C24}.Debug|Any CPU.ActiveCfg = Debug|Any CPU
		{282DD359-FFF6-4363-8893-20E2CCDD2C24}.Debug|Any CPU.Build.0 = Debug|Any CPU
		{282DD359-FFF6-4363-8893-20E2CCDD2C24}.Release|Any CPU.ActiveCfg = Release|Any CPU
		{282DD359-FFF6-4363-8893-20E2CCDD2C24}.Release|Any CPU.Build.0 = Release|Any CPU
		{9D8A7E16-178E-4F58-80D3-988F400C046E}.Debug|Any CPU.ActiveCfg = Debug|Any CPU
		{9D8A7E16-178E-4F58-80D3-988F400C046E}.Debug|Any CPU.Build.0 = Debug|Any CPU
		{9D8A7E16-178E-4F58-80D3-988F400C046E}.Release|Any CPU.ActiveCfg = Release|Any CPU
		{9D8A7E16-178E-4F58-80D3-988F400C046E}.Release|Any CPU.Build.0 = Release|Any CPU
		{1FA4EC33-824F-4C60-9B70-4E6508893E1B}.Debug|Any CPU.ActiveCfg = Debug|Any CPU
		{1FA4EC33-824F-4C60-9B70-4E6508893E1B}.Debug|Any CPU.Build.0 = Debug|Any CPU
		{1FA4EC33-824F-4C60-9B70-4E6508893E1B}.Release|Any CPU.ActiveCfg = Release|Any CPU
		{1FA4EC33-824F-4C60-9B70-4E6508893E1B}.Release|Any CPU.Build.0 = Release|Any CPU
		{07785EC5-BBAA-4294-892E-CF3E5AAB6C2B}.Debug|Any CPU.ActiveCfg = Debug|Any CPU
		{07785EC5-BBAA-4294-892E-CF3E5AAB6C2B}.Debug|Any CPU.Build.0 = Debug|Any CPU
		{07785EC5-BBAA-4294-892E-CF3E5AAB6C2B}.Release|Any CPU.ActiveCfg = Release|Any CPU
		{07785EC5-BBAA-4294-892E-CF3E5AAB6C2B}.Release|Any CPU.Build.0 = Release|Any CPU
		{4FBBE861-7E4E-4A09-88F5-07543539FA7E}.Debug|Any CPU.ActiveCfg = Debug|Any CPU
		{4FBBE861-7E4E-4A09-88F5-07543539FA7E}.Debug|Any CPU.Build.0 = Debug|Any CPU
		{4FBBE861-7E4E-4A09-88F5-07543539FA7E}.Release|Any CPU.ActiveCfg = Release|Any CPU
		{4FBBE861-7E4E-4A09-88F5-07543539FA7E}.Release|Any CPU.Build.0 = Release|Any CPU
		{3C2C6886-B090-4F2A-B14B-DFCDFB9B8BAA}.Debug|Any CPU.ActiveCfg = Debug|Any CPU
		{3C2C6886-B090-4F2A-B14B-DFCDFB9B8BAA}.Debug|Any CPU.Build.0 = Debug|Any CPU
		{3C2C6886-B090-4F2A-B14B-DFCDFB9B8BAA}.Release|Any CPU.ActiveCfg = Release|Any CPU
		{3C2C6886-B090-4F2A-B14B-DFCDFB9B8BAA}.Release|Any CPU.Build.0 = Release|Any CPU
		{A9FECFA1-E9CF-42E8-8573-494F2E8F2ABD}.Debug|Any CPU.ActiveCfg = Debug|Any CPU
		{A9FECFA1-E9CF-42E8-8573-494F2E8F2ABD}.Debug|Any CPU.Build.0 = Debug|Any CPU
		{A9FECFA1-E9CF-42E8-8573-494F2E8F2ABD}.Release|Any CPU.ActiveCfg = Release|Any CPU
		{A9FECFA1-E9CF-42E8-8573-494F2E8F2ABD}.Release|Any CPU.Build.0 = Release|Any CPU
		{1DD544F3-89ED-40C1-97EA-61FD437ADF52}.Debug|Any CPU.ActiveCfg = Debug|Any CPU
		{1DD544F3-89ED-40C1-97EA-61FD437ADF52}.Debug|Any CPU.Build.0 = Debug|Any CPU
		{1DD544F3-89ED-40C1-97EA-61FD437ADF52}.Release|Any CPU.ActiveCfg = Release|Any CPU
		{1DD544F3-89ED-40C1-97EA-61FD437ADF52}.Release|Any CPU.Build.0 = Release|Any CPU
		{16F5FD00-8B2B-4FD2-AB05-CCEF16D3768E}.Debug|Any CPU.ActiveCfg = Debug|Any CPU
		{16F5FD00-8B2B-4FD2-AB05-CCEF16D3768E}.Debug|Any CPU.Build.0 = Debug|Any CPU
		{16F5FD00-8B2B-4FD2-AB05-CCEF16D3768E}.Release|Any CPU.ActiveCfg = Release|Any CPU
		{16F5FD00-8B2B-4FD2-AB05-CCEF16D3768E}.Release|Any CPU.Build.0 = Release|Any CPU
		{EA424889-4733-4A52-AD56-77DE0D1C43E2}.Debug|Any CPU.ActiveCfg = Debug|Any CPU
		{EA424889-4733-4A52-AD56-77DE0D1C43E2}.Debug|Any CPU.Build.0 = Debug|Any CPU
		{EA424889-4733-4A52-AD56-77DE0D1C43E2}.Release|Any CPU.ActiveCfg = Release|Any CPU
		{EA424889-4733-4A52-AD56-77DE0D1C43E2}.Release|Any CPU.Build.0 = Release|Any CPU
	EndGlobalSection
	GlobalSection(SolutionProperties) = preSolution
		HideSolutionNode = FALSE
	EndGlobalSection
	GlobalSection(NestedProjects) = preSolution
		{B9C3874B-A64E-4109-8F48-A8D34141657F} = {02EA681E-C7D8-13C7-8484-4AC65E1B71E8}
		{868803F0-1248-454F-AEA3-05C8E0EFCFFE} = {C0EE407E-7DE1-4E0D-BE40-7C3B110C61E8}
		{0D25F5D8-6115-4513-8E34-345E6623CE47} = {D02F8AEF-5CA0-4D3B-B6D2-7E3BDD69A4F0}
		{2F0AA49A-39E4-4534-8938-3D4A8143BD44} = {D02F8AEF-5CA0-4D3B-B6D2-7E3BDD69A4F0}
		{282DD359-FFF6-4363-8893-20E2CCDD2C24} = {D02F8AEF-5CA0-4D3B-B6D2-7E3BDD69A4F0}
		{9D8A7E16-178E-4F58-80D3-988F400C046E} = {C24DD8EB-710C-47A9-AB71-D44A132D8A3B}
		{1FA4EC33-824F-4C60-9B70-4E6508893E1B} = {C24DD8EB-710C-47A9-AB71-D44A132D8A3B}
		{07785EC5-BBAA-4294-892E-CF3E5AAB6C2B} = {C24DD8EB-710C-47A9-AB71-D44A132D8A3B}
		{4FBBE861-7E4E-4A09-88F5-07543539FA7E} = {A035D2E5-3344-4030-B2E7-D1C58DCAD22E}
		{3C2C6886-B090-4F2A-B14B-DFCDFB9B8BAA} = {A035D2E5-3344-4030-B2E7-D1C58DCAD22E}
		{A9FECFA1-E9CF-42E8-8573-494F2E8F2ABD} = {A035D2E5-3344-4030-B2E7-D1C58DCAD22E}
		{1DD544F3-89ED-40C1-97EA-61FD437ADF52} = {50748DE9-86D8-4136-893C-DD812D2301F6}
		{16F5FD00-8B2B-4FD2-AB05-CCEF16D3768E} = {50748DE9-86D8-4136-893C-DD812D2301F6}
		{EA424889-4733-4A52-AD56-77DE0D1C43E2} = {50748DE9-86D8-4136-893C-DD812D2301F6}
	EndGlobalSection
	GlobalSection(ExtensibilityGlobals) = postSolution
		SolutionGuid = {34105B96-8013-4517-844D-3805FF32C6F0}
	EndGlobalSection
EndGlobal
