
Microsoft Visual Studio Solution File, Format Version 12.00
# Visual Studio Version 17
VisualStudioVersion = 17.14.37614.0
MinimumVisualStudioVersion = 10.0.40219.1
Project("{2150E333-8FDC-42A3-9474-1A3956D46DE8}") = "Task0", "Task0", "{02EA681E-C7D8-13C7-8484-4AC65E1B71E8}"
EndProject
Project("{FAE04EC0-301F-11D3-BF4B-00C04F79EFBC}") = "Tyuiu.IvanovaEA.Sprint0.Task0.V0", "Tyuiu.IvanovaEA.Sprint0.Task0.V0\Tyuiu.IvanovaEA.Sprint0.Task0.V0.csproj", "{B9C3874B-A64E-4109-8F48-A8D34141657F}"
EndProject
Project("{2150E333-8FDC-42A3-9474-1A3956D46DE8}") = "Task1", "Task1", "{C0EE407E-7DE1-4E0D-BE40-7C3B110C61E8}"
EndProject
Project("{FAE04EC0-301F-11D3-BF4B-00C04F79EFBC}") = "Tyuiu.IvanovaEA.Sprint0.Task1.V0", "Tyuiu.IvanovaEA.Sprint0.Task1.V0\Tyuiu.IvanovaEA.Sprint0.Task1.V0.csproj", "{868803F0-1248-454F-AEA3-05C8E0EFCFFE}"
EndProject
Global
	GlobalSection(SolutionConfigurationPlatforms) = preSolution
		Debug|Any CPU = Debug|Any CPU
		Release|Any CPU = Release|Any CPU
	EndGlobalSection
	GlobalSection(ProjectConfigurationPlatforms) = postSolution
		{B9C3874B-A64E-4109-8F48-A8D34141657F}.Debug|Any CPU.ActiveCfg = Debug|Any CPU
		{B9C3874B-A64E-4109-8F48-A8D34141657F}.Debug|Any CPU.Build.0 = Debug|Any CPU
		{B9C3874B-A64E-4109-8F48-A8D34141657F}.Release|Any CPU.ActiveCfg = Release|Any CPU
		{B9C3874B-A64E-4109-8F48-A8D34141657F}.Release|Any CPU.Build.0 = Release|Any CPU
		{868803F0-1248-454F-AEA3-05C8E0EFCFFE}.Debug|Any CPU.ActiveCfg = Debug|Any CPU
		{868803F0-1248-454F-AEA3-05C8E0EFCFFE}.Debug|Any CPU.Build.0 = Debug|Any CPU
		{868803F0-1248-454F-AEA3-05C8E0EFCFFE}.Release|Any CPU.ActiveCfg = Release|Any CPU
		{868803F0-1248-454F-AEA3-05C8E0EFCFFE}.Release|Any CPU.Build.0 = Release|Any CPU
	EndGlobalSection
	GlobalSection(SolutionProperties) = preSolution
		HideSolutionNode = FALSE
	EndGlobalSection
	GlobalSection(NestedProjects) = preSolution
		{B9C3874B-A64E-4109-8F48-A8D34141657F} = {02EA681E-C7D8-13C7-8484-4AC65E1B71E8}
		{868803F0-1248-454F-AEA3-05C8E0EFCFFE} = {C0EE407E-7DE1-4E0D-BE40-7C3B110C61E8}
	EndGlobalSection
	GlobalSection(ExtensibilityGlobals) = postSolution
		SolutionGuid = {34105B96-8013-4517-844D-3805FF32C6F0}
	EndGlobalSection
EndGlobal
